
Microsoft Visual Studio Solution File, Format Version 12.00
# Visual Studio Version 17
VisualStudioVersion = 17.14.36310.24
MinimumVisualStudioVersion = 10.0.40219.1
Project("{FAE04EC0-301F-11D3-BF4B-00C04F79EFBC}") = "VendorWebAPI", "VendorWebAPI.csproj", "{E3EC3B28-070A-477B-9380-36CD21DF657A}"
EndProject
Project("{FAE04EC0-301F-11D3-BF4B-00C04F79EFBC}") = "UserManagement", "..\UserManagement\UserManagement.csproj", "{EEDAAC0D-2F41-468A-92AA-46690168564A}"
EndProject
Project("{FAE04EC0-301F-11D3-BF4B-00C04F79EFBC}") = "AdminControl", "..\AdminControl\AdminControl.csproj", "{5A56751D-9DCE-41B0-B938-6BA03B96F4FC}"
EndProject
Project("{FAE04EC0-301F-11D3-BF4B-00C04F79EFBC}") = "ClientApp", "..\ClientApp\ClientApp.csproj", "{42C2DF52-F02D-414C-BA69-599031970A9B}"
EndProject
Global
	GlobalSection(SolutionConfigurationPlatforms) = preSolution
		Debug|Any CPU = Debug|Any CPU
		Release|Any CPU = Release|Any CPU
	EndGlobalSection
	GlobalSection(ProjectConfigurationPlatforms) = postSolution
		{E3EC3B28-070A-477B-9380-36CD21DF657A}.Debug|Any CPU.ActiveCfg = Debug|Any CPU
		{E3EC3B28-070A-477B-9380-36CD21DF657A}.Debug|Any CPU.Build.0 = Debug|Any CPU
		{E3EC3B28-070A-477B-9380-36CD21DF657A}.Release|Any CPU.ActiveCfg = Release|Any CPU
		{E3EC3B28-070A-477B-9380-36CD21DF657A}.Release|Any CPU.Build.0 = Release|Any CPU
		{EEDAAC0D-2F41-468A-92AA-46690168564A}.Debug|Any CPU.ActiveCfg = Debug|Any CPU
		{EEDAAC0D-2F41-468A-92AA-46690168564A}.Debug|Any CPU.Build.0 = Debug|Any CPU
		{EEDAAC0D-2F41-468A-92AA-46690168564A}.Release|Any CPU.ActiveCfg = Release|Any CPU
		{EEDAAC0D-2F41-468A-92AA-46690168564A}.Release|Any CPU.Build.0 = Release|Any CPU
		{5A56751D-9DCE-41B0-B938-6BA03B96F4FC}.Debug|Any CPU.ActiveCfg = Debug|Any CPU
		{5A56751D-9DCE-41B0-B938-6BA03B96F4FC}.Debug|Any CPU.Build.0 = Debug|Any CPU
		{5A56751D-9DCE-41B0-B938-6BA03B96F4FC}.Release|Any CPU.ActiveCfg = Release|Any CPU
		{5A56751D-9DCE-41B0-B938-6BA03B96F4FC}.Release|Any CPU.Build.0 = Release|Any CPU
		{42C2DF52-F02D-414C-BA69-599031970A9B}.Debug|Any CPU.ActiveCfg = Debug|Any CPU
		{42C2DF52-F02D-414C-BA69-599031970A9B}.Debug|Any CPU.Build.0 = Debug|Any CPU
		{42C2DF52-F02D-414C-BA69-599031970A9B}.Release|Any CPU.ActiveCfg = Release|Any CPU
		{42C2DF52-F02D-414C-BA69-599031970A9B}.Release|Any CPU.Build.0 = Release|Any CPU
	EndGlobalSection
	GlobalSection(SolutionProperties) = preSolution
		HideSolutionNode = FALSE
	EndGlobalSection
	GlobalSection(ExtensibilityGlobals) = postSolution
		SolutionGuid = {470E2829-2412-4740-BDF9-6B71029412CC}
	EndGlobalSection
EndGlobal
